
Microsoft Visual Studio Solution File, Format Version 12.00
# Visual Studio Version 17
VisualStudioVersion = 17.7.34031.279
MinimumVisualStudioVersion = 10.0.40219.1
Project("{FAE04EC0-301F-11D3-BF4B-00C04F79EFBC}") = "Homework1", "Homework1\Homework1.csproj", "{011A6376-8CDB-4811-9D66-1271D0E6BF2D}"
EndProject
Global
	GlobalSection(SolutionConfigurationPlatforms) = preSolution
		Debug|Any CPU = Debug|Any CPU
		Release|Any CPU = Release|Any CPU
	EndGlobalSection
	GlobalSection(ProjectConfigurationPlatforms) = postSolution
		{011A6376-8CDB-4811-9D66-1271D0E6BF2D}.Debug|Any CPU.ActiveCfg = Debug|Any CPU
		{011A6376-8CDB-4811-9D66-1271D0E6BF2D}.Debug|Any CPU.Build.0 = Debug|Any CPU
		{011A6376-8CDB-4811-9D66-1271D0E6BF2D}.Release|Any CPU.ActiveCfg = Release|Any CPU
		{011A6376-8CDB-4811-9D66-1271D0E6BF2D}.Release|Any CPU.Build.0 = Release|Any CPU
	EndGlobalSection
	GlobalSection(SolutionProperties) = preSolution
		HideSolutionNode = FALSE
	EndGlobalSection
	GlobalSection(ExtensibilityGlobals) = postSolution
		SolutionGuid = {2E6AF3DE-0B1D-4CBD-820E-56493EC9D058}
	EndGlobalSection
EndGlobal
